NeoBundleLock AnsiEsc.vim d2bb7878622e4c16203acf1c92a0f4bc7ac58003
NeoBundleLock TaskList.vim 8e2dfdcc6e13d8afab5b3f620ee06ebb29b786f9
NeoBundleLock dbext.vim be1f55f5520aae4b1c2cab941d84e8f57548e8da
NeoBundleLock emmet-vim 3d6862d5d10c68ccfc19ae1cc5121473511b69c5
NeoBundleLock gundo.vim 3975ac871565115e3769dc69c06bc88ddc1369af
NeoBundleLock jedi-vim 48c9420136cbafdcc694a2f6a7fcfa5f56c79bc5
NeoBundleLock neobundle.vim 0c31437b58831efa20a9623e78be25a90df8c8c8
NeoBundleLock neocomplete.vim 7b2b1cf5ba60cf17f8d8c3535c21a51b32c1a52b
NeoBundleLock neomru.vim 7df9999b841228661ff73909c5b9e34952331e22
NeoBundleLock neosnippet 044c9cb8ca46a5e27eec37198990c26fe707b02a
NeoBundleLock neosnippet-snippets 452e81888009c01a13aaecff2e18587655e68614
NeoBundleLock nerdtree 3b98a7fcae8f9fff356907171f0406ff8cd28921
NeoBundleLock open-browser.vim 34f999c808f2bf8ab89acb8d130ff44ab0df2f91
NeoBundleLock ruby-matchit c4d8079287fc8d804d2a92bcb66964d673666540
NeoBundleLock tcomment_vim 0a591951a901b23ad70fc0d5dd64c6dfcf5e9282
NeoBundleLock tern_for_vim c677b663adc1e34f4419c70f278dc78d017e673b
NeoBundleLock unite.vim a06d3ff1e192e949fd90cf4117e229c60d5c7783
NeoBundleLock vim-autoclose a9a3b7384657bc1f60a963fd6c08c63fc48d61c3
NeoBundleLock vim-browsereload-mac b73cc98c18c28869ed99562f6a3c142cb2906029
NeoBundleLock vim-coffee-script 827e4a38b07479433b619091469a7495a392df8a
NeoBundleLock vim-css3-syntax 21b74dc4a35b8cdc80d16f4ecbf83d160b42f333
NeoBundleLock vim-django-support a0b21e72a2ce22141d60c494de1f58cb960b413f
NeoBundleLock vim-endwise bba43b831ae0485cf9b86d16340a6a314b927391
NeoBundleLock vim-fugitive 0095769029709b531d2505ee6ad9907dd9bd72a0
NeoBundleLock vim-indent-guides eec1b629dc4cfa3986d20f21d4b4489732cd3f5a
NeoBundleLock vim-quickrun 324a8a3fbc5cdde3de21f0b76fb7cc0775a91c2c
NeoBundleLock vim-rails 6d21bd0d90ab4b27581cbe834397f503ea115565
NeoBundleLock vim-template 24687c1a59cb2828be4aec21ec75103d22a1c71e
NeoBundleLock vimproc 0f68bcd93399ecbcde3eaa4efd09107314c9bdee
NeoBundleLock webapi-vim a7789abffe936db56e3152e23733847f94755753
